
Microsoft Visual Studio Solution File, Format Version 12.00
Project("{FAE04EC0-301F-11D3-BF4B-00C04F79EFBC}") = "BundlesCodingChallenge", "BundlesCodingChallenge\BundlesCodingChallenge.csproj", "{9E3AC106-0A9C-470F-B614-4DC827D9C873}"
EndProject
Global
	GlobalSection(SolutionConfigurationPlatforms) = preSolution
		Debug|Any CPU = Debug|Any CPU
		Release|Any CPU = Release|Any CPU
	EndGlobalSection
	GlobalSection(ProjectConfigurationPlatforms) = postSolution
		{9E3AC106-0A9C-470F-B614-4DC827D9C873}.Debug|Any CPU.ActiveCfg = Debug|Any CPU
		{9E3AC106-0A9C-470F-B614-4DC827D9C873}.Debug|Any CPU.Build.0 = Debug|Any CPU
		{9E3AC106-0A9C-470F-B614-4DC827D9C873}.Release|Any CPU.ActiveCfg = Release|Any CPU
		{9E3AC106-0A9C-470F-B614-4DC827D9C873}.Release|Any CPU.Build.0 = Release|Any CPU
	EndGlobalSection
EndGlobal
